%{"bunt": {:hex, :bunt, "0.1.6", "5d95a6882f73f3b9969fdfd1953798046664e6f77ec4e486e6fafc7caad97c6f", [:mix], []},
  "certifi": {:hex, :certifi, "0.7.0", "861a57f3808f7eb0c2d1802afeaae0fa5de813b0df0979153cbafcd853ababaf", [:rebar3], []},
  "credo": {:hex, :credo, "0.5.2", "92e8c9f86e0ffbf9f688595e9f4e936bc96a52e5606d2c19713e9e4d191d5c74", [:mix], [{:bunt, "~> 0.1.6", [hex: :bunt, optional: false]}]},
  "dialyxir": {:hex, :dialyxir, "0.4.0", "53ac3014bb4aef647728a697052b4db3a84c6742de7aab0e0a1c863ea274007b", [:mix], []},
  "earmark": {:hex, :earmark, "1.0.1", "2c2cd903bfdc3de3f189bd9a8d4569a075b88a8981ded9a0d95672f6e2b63141", [:mix], []},
  "ex_doc": {:hex, :ex_doc, "0.14.1", "bfed8d4e93c755e2b150be925ad2cfa6af7c3bfcacc3b609f45f6048c9d623d6", [:mix], [{:earmark, "~> 1.0", [hex: :earmark, optional: false]}]},
  "excoveralls": {:hex, :excoveralls, "0.5.6", "35a903f6f78619ee7f951448dddfbef094b3a0d8581657afaf66465bc930468e", [:mix], [{:exjsx, "~> 3.0", [hex: :exjsx, optional: false]}, {:hackney, ">= 0.12.0", [hex: :hackney, optional: false]}]},
  "exjsx": {:hex, :exjsx, "3.2.0", "7136cc739ace295fc74c378f33699e5145bead4fdc1b4799822d0287489136fb", [:mix], [{:jsx, "~> 2.6.2", [hex: :jsx, optional: false]}]},
  "hackney": {:hex, :hackney, "1.6.3", "d489d7ca2d4323e307bedc4bfe684323a7bf773ecfd77938f3ee8074e488e140", [:mix, :rebar3], [{:certifi, "0.7.0", [hex: :certifi, optional: false]}, {:idna, "1.2.0", [hex: :idna, optional: false]}, {:metrics, "1.0.1", [hex: :metrics, optional: false]}, {:mimerl, "1.0.2", [hex: :mimerl, optional: false]}, {:ssl_verify_fun, "1.1.1", [hex: :ssl_verify_fun, optional: false]}]},
  "httpoison": {:hex, :httpoison, "0.10.0", "4727b3a5e57e9a4ff168a3c2883e20f1208103a41bccc4754f15a9366f49b676", [:mix], [{:hackney, "~> 1.6.3", [hex: :hackney, optional: false]}]},
  "idna": {:hex, :idna, "1.2.0", "ac62ee99da068f43c50dc69acf700e03a62a348360126260e87f2b54eced86b2", [:rebar3], []},
  "jsx": {:hex, :jsx, "2.6.2", "213721e058da0587a4bce3cc8a00ff6684ced229c8f9223245c6ff2c88fbaa5a", [:mix, :rebar], []},
  "metrics": {:hex, :metrics, "1.0.1", "25f094dea2cda98213cecc3aeff09e940299d950904393b2a29d191c346a8486", [:rebar3], []},
  "mimerl": {:hex, :mimerl, "1.0.2", "993f9b0e084083405ed8252b99460c4f0563e41729ab42d9074fd5e52439be88", [:rebar3], []},
  "poison": {:hex, :poison, "2.2.0", "4763b69a8a77bd77d26f477d196428b741261a761257ff1cf92753a0d4d24a63", [:mix], []},
  "ssl_verify_fun": {:hex, :ssl_verify_fun, "1.1.1", "28a4d65b7f59893bc2c7de786dec1e1555bd742d336043fe644ae956c3497fbe", [:make, :rebar], []}}
